// !$*UTF8*$!
{
	archiveVersion = 1;
	classes = {
	};
	objectVersion = 50;
	objects = {

/* Begin PBXBuildFile section */
		EE48517B23235B7100D5401E /* AppDelegate.swift in Sources */ = {isa = PBXBuildFile; fileRef = EE48517A23235B7100D5401E /* AppDelegate.swift */; };
		EE48517D23235B7100D5401E /* ViewController.swift in Sources */ = {isa = PBXBuildFile; fileRef = EE48517C23235B7100D5401E /* ViewController.swift */; };
		EE48518023235B7100D5401E /* Main.storyboard in Resources */ = {isa = PBXBuildFile; fileRef = EE48517E23235B7100D5401E /* Main.storyboard */; };
		EE48518223235B7100D5401E /* Assets.xcassets in Resources */ = {isa = PBXBuildFile; fileRef = EE48518123235B7100D5401E /* Assets.xcassets */; };
		EE48518523235B7100D5401E /* LaunchScreen.storyboard in Resources */ = {isa = PBXBuildFile; fileRef = EE48518323235B7100D5401E /* LaunchScreen.storyboard */; };
		EE48519023235B7200D5401E /* SetTests.swift in Sources */ = {isa = PBXBuildFile; fileRef = EE48518F23235B7200D5401E /* SetTests.swift */; };
		EE48519B23235B7200D5401E /* SetUITests.swift in Sources */ = {isa = PBXBuildFile; fileRef = EE48519A23235B7200D5401E /* SetUITests.swift */; };
		EE4851AA23235F8000D5401E /* Card.swift in Sources */ = {isa = PBXBuildFile; fileRef = EE4851A923235F8000D5401E /* Card.swift */; };
		EE4851AC2323634900D5401E /* SetModel.swift in Sources */ = {isa = PBXBuildFile; fileRef = EE4851AB2323634900D5401E /* SetModel.swift */; };
/* End PBXBuildFile section */

/* Begin PBXContainerItemProxy section */
		EE48518C23235B7200D5401E /* PBXContainerItemProxy */ = {
			isa = PBXContainerItemProxy;
			containerPortal = EE48516F23235B7100D5401E /* Project object */;
			proxyType = 1;
			remoteGlobalIDString = EE48517623235B7100D5401E;
			remoteInfo = Set;
		};
		EE48519723235B7200D5401E /* PBXContainerItemProxy */ = {
			isa = PBXContainerItemProxy;
			containerPortal = EE48516F23235B7100D5401E /* Project object */;
			proxyType = 1;
			remoteGlobalIDString = EE48517623235B7100D5401E;
			remoteInfo = Set;
		};
/* End PBXContainerItemProxy section */

/* Begin PBXFileReference section */
		EE48517723235B7100D5401E /* Set.app */ = {isa = PBXFileReference; explicitFileType = wrapper.application; includeInIndex = 0; path = Set.app; sourceTree = BUILT_PRODUCTS_DIR; };
		EE48517A23235B7100D5401E /* AppDelegate.swift */ = {isa = PBXFileReference; lastKnownFileType = sourcecode.swift; path = AppDelegate.swift; sourceTree = "<group>"; };
		EE48517C23235B7100D5401E /* ViewController.swift */ = {isa = PBXFileReference; lastKnownFileType = sourcecode.swift; path = ViewController.swift; sourceTree = "<group>"; };
		EE48517F23235B7100D5401E /* Base */ = {isa = PBXFileReference; lastKnownFileType = file.storyboard; name = Base; path = Base.lproj/Main.storyboard; sourceTree = "<group>"; };
		EE48518123235B7100D5401E /* Assets.xcassets */ = {isa = PBXFileReference; lastKnownFileType = folder.assetcatalog; path = Assets.xcassets; sourceTree = "<group>"; };
		EE48518423235B7100D5401E /* Base */ = {isa = PBXFileReference; lastKnownFileType = file.storyboard; name = Base; path = Base.lproj/LaunchScreen.storyboard; sourceTree = "<group>"; };
		EE48518623235B7100D5401E /* Info.plist */ = {isa = PBXFileReference; lastKnownFileType = text.plist.xml; path = Info.plist; sourceTree = "<group>"; };
		EE48518B23235B7200D5401E /* SetTests.xctest */ = {isa = PBXFileReference; explicitFileType = wrapper.cfbundle; includeInIndex = 0; path = SetTests.xctest; sourceTree = BUILT_PRODUCTS_DIR; };
		EE48518F23235B7200D5401E /* SetTests.swift */ = {isa = PBXFileReference; lastKnownFileType = sourcecode.swift; path = SetTests.swift; sourceTree = "<group>"; };
		EE48519123235B7200D5401E /* Info.plist */ = {isa = PBXFileReference; lastKnownFileType = text.plist.xml; path = Info.plist; sourceTree = "<group>"; };
		EE48519623235B7200D5401E /* SetUITests.xctest */ = {isa = PBXFileReference; explicitFileType = wrapper.cfbundle; includeInIndex = 0; path = SetUITests.xctest; sourceTree = BUILT_PRODUCTS_DIR; };
		EE48519A23235B7200D5401E /* SetUITests.swift */ = {isa = PBXFileReference; lastKnownFileType = sourcecode.swift; path = SetUITests.swift; sourceTree = "<group>"; };
		EE48519C23235B7200D5401E /* Info.plist */ = {isa = PBXFileReference; lastKnownFileType = text.plist.xml; path = Info.plist; sourceTree = "<group>"; };
		EE4851A923235F8000D5401E /* Card.swift */ = {isa = PBXFileReference; lastKnownFileType = sourcecode.swift; path = Card.swift; sourceTree = "<group>"; };
		EE4851AB2323634900D5401E /* SetModel.swift */ = {isa = PBXFileReference; lastKnownFileType = sourcecode.swift; path = SetModel.swift; sourceTree = "<group>"; };
/* End PBXFileReference section */

/* Begin PBXFrameworksBuildPhase section */
		EE48517423235B7100D5401E /* Frameworks */ = {
			isa = PBXFrameworksBuildPhase;
			buildActionMask = 2147483647;
			files = (
			);
			runOnlyForDeploymentPostprocessing = 0;
		};
		EE48518823235B7200D5401E /* Frameworks */ = {
			isa = PBXFrameworksBuildPhase;
			buildActionMask = 2147483647;
			files = (
			);
			runOnlyForDeploymentPostprocessing = 0;
		};
		EE48519323235B7200D5401E /* Frameworks */ = {
			isa = PBXFrameworksBuildPhase;
			buildActionMask = 2147483647;
			files = (
			);
			runOnlyForDeploymentPostprocessing = 0;
		};
/* End PBXFrameworksBuildPhase section */

/* Begin PBXGroup section */
		EE48516E23235B7100D5401E = {
			isa = PBXGroup;
			children = (
				EE48517923235B7100D5401E /* Set */,
				EE48518E23235B7200D5401E /* SetTests */,
				EE48519923235B7200D5401E /* SetUITests */,
				EE48517823235B7100D5401E /* Products */,
			);
			sourceTree = "<group>";
		};
		EE48517823235B7100D5401E /* Products */ = {
			isa = PBXGroup;
			children = (
				EE48517723235B7100D5401E /* Set.app */,
				EE48518B23235B7200D5401E /* SetTests.xctest */,
				EE48519623235B7200D5401E /* SetUITests.xctest */,
			);
			name = Products;
			sourceTree = "<group>";
		};
		EE48517923235B7100D5401E /* Set */ = {
			isa = PBXGroup;
			children = (
				EE4851A823235B9500D5401E /* Supporting Files */,
				EE48517C23235B7100D5401E /* ViewController.swift */,
				EE48517E23235B7100D5401E /* Main.storyboard */,
				EE48518623235B7100D5401E /* Info.plist */,
				EE4851AB2323634900D5401E /* SetModel.swift */,
				EE4851A923235F8000D5401E /* Card.swift */,
			);
			path = Set;
			sourceTree = "<group>";
		};
		EE48518E23235B7200D5401E /* SetTests */ = {
			isa = PBXGroup;
			children = (
				EE48518F23235B7200D5401E /* SetTests.swift */,
				EE48519123235B7200D5401E /* Info.plist */,
			);
			path = SetTests;
			sourceTree = "<group>";
		};
		EE48519923235B7200D5401E /* SetUITests */ = {
			isa = PBXGroup;
			children = (
				EE48519A23235B7200D5401E /* SetUITests.swift */,
				EE48519C23235B7200D5401E /* Info.plist */,
			);
			path = SetUITests;
			sourceTree = "<group>";
		};
		EE4851A823235B9500D5401E /* Supporting Files */ = {
			isa = PBXGroup;
			children = (
				EE48517A23235B7100D5401E /* AppDelegate.swift */,
				EE48518123235B7100D5401E /* Assets.xcassets */,
				EE48518323235B7100D5401E /* LaunchScreen.storyboard */,
			);
			path = "Supporting Files";
			sourceTree = "<group>";
		};
/* End PBXGroup section */

/* Begin PBXNativeTarget section */
		EE48517623235B7100D5401E /* Set */ = {
			isa = PBXNativeTarget;
			buildConfigurationList = EE48519F23235B7200D5401E /* Build configuration list for PBXNativeTarget "Set" */;
			buildPhases = (
				EE48517323235B7100D5401E /* Sources */,
				EE48517423235B7100D5401E /* Frameworks */,
				EE48517523235B7100D5401E /* Resources */,
			);
			buildRules = (
			);
			dependencies = (
			);
			name = Set;
			productName = Set;
			productReference = EE48517723235B7100D5401E /* Set.app */;
			productType = "com.apple.product-type.application";
		};
		EE48518A23235B7200D5401E /* SetTests */ = {
			isa = PBXNativeTarget;
			buildConfigurationList = EE4851A223235B7200D5401E /* Build configuration list for PBXNativeTarget "SetTests" */;
			buildPhases = (
				EE48518723235B7200D5401E /* Sources */,
				EE48518823235B7200D5401E /* Frameworks */,
				EE48518923235B7200D5401E /* Resources */,
			);
			buildRules = (
			);
			dependencies = (
				EE48518D23235B7200D5401E /* PBXTargetDependency */,
			);
			name = SetTests;
			productName = SetTests;
			productReference = EE48518B23235B7200D5401E /* SetTests.xctest */;
			productType = "com.apple.product-type.bundle.unit-test";
		};
		EE48519523235B7200D5401E /* SetUITests */ = {
			isa = PBXNativeTarget;
			buildConfigurationList = EE4851A523235B7200D5401E /* Build configuration list for PBXNativeTarget "SetUITests" */;
			buildPhases = (
				EE48519223235B7200D5401E /* Sources */,
				EE48519323235B7200D5401E /* Frameworks */,
				EE48519423235B7200D5401E /* Resources */,
			);
			buildRules = (
			);
			dependencies = (
				EE48519823235B7200D5401E /* PBXTargetDependency */,
			);
			name = SetUITests;
			productName = SetUITests;
			productReference = EE48519623235B7200D5401E /* SetUITests.xctest */;
			productType = "com.apple.product-type.bundle.ui-testing";
		};
/* End PBXNativeTarget section */

/* Begin PBXProject section */
		EE48516F23235B7100D5401E /* Project object */ = {
			isa = PBXProject;
			attributes = {
				LastSwiftUpdateCheck = 1030;
				LastUpgradeCheck = 1030;
				ORGANIZATIONNAME = "Abenayan Ketheeswaran";
				TargetAttributes = {
					EE48517623235B7100D5401E = {
						CreatedOnToolsVersion = 10.3;
					};
					EE48518A23235B7200D5401E = {
						CreatedOnToolsVersion = 10.3;
						TestTargetID = EE48517623235B7100D5401E;
					};
					EE48519523235B7200D5401E = {
						CreatedOnToolsVersion = 10.3;
						TestTargetID = EE48517623235B7100D5401E;
					};
				};
			};
			buildConfigurationList = EE48517223235B7100D5401E /* Build configuration list for PBXProject "Set" */;
			compatibilityVersion = "Xcode 9.3";
			developmentRegion = en;
			hasScannedForEncodings = 0;
			knownRegions = (
				en,
				Base,
			);
			mainGroup = EE48516E23235B7100D5401E;
			productRefGroup = EE48517823235B7100D5401E /* Products */;
			projectDirPath = "";
			projectRoot = "";
			targets = (
				EE48517623235B7100D5401E /* Set */,
				EE48518A23235B7200D5401E /* SetTests */,
				EE48519523235B7200D5401E /* SetUITests */,
			);
		};
/* End PBXProject section */

/* Begin PBXResourcesBuildPhase section */
		EE48517523235B7100D5401E /* Resources */ = {
			isa = PBXResourcesBuildPhase;
			buildActionMask = 2147483647;
			files = (
				EE48518523235B7100D5401E /* LaunchScreen.storyboard in Resources */,
				EE48518223235B7100D5401E /* Assets.xcassets in Resources */,
				EE48518023235B7100D5401E /* Main.storyboard in Resources */,
			);
			runOnlyForDeploymentPostprocessing = 0;
		};
		EE48518923235B7200D5401E /* Resources */ = {
			isa = PBXResourcesBuildPhase;
			buildActionMask = 2147483647;
			files = (
			);
			runOnlyForDeploymentPostprocessing = 0;
		};
		EE48519423235B7200D5401E /* Resources */ = {
			isa = PBXResourcesBuildPhase;
			buildActionMask = 2147483647;
			files = (
			);
			runOnlyForDeploymentPostprocessing = 0;
		};
/* End PBXResourcesBuildPhase section */

/* Begin PBXSourcesBuildPhase section */
		EE48517323235B7100D5401E /* Sources */ = {
			isa = PBXSourcesBuildPhase;
			buildActionMask = 2147483647;
			files = (
				EE48517D23235B7100D5401E /* ViewController.swift in Sources */,
				EE4851AA23235F8000D5401E /* Card.swift in Sources */,
				EE4851AC2323634900D5401E /* SetModel.swift in Sources */,
				EE48517B23235B7100D5401E /* AppDelegate.swift in Sources */,
			);
			runOnlyForDeploymentPostprocessing = 0;
		};
		EE48518723235B7200D5401E /* Sources */ = {
			isa = PBXSourcesBuildPhase;
			buildActionMask = 2147483647;
			files = (
				EE48519023235B7200D5401E /* SetTests.swift in Sources */,
			);
			runOnlyForDeploymentPostprocessing = 0;
		};
		EE48519223235B7200D5401E /* Sources */ = {
			isa = PBXSourcesBuildPhase;
			buildActionMask = 2147483647;
			files = (
				EE48519B23235B7200D5401E /* SetUITests.swift in Sources */,
			);
			runOnlyForDeploymentPostprocessing = 0;
		};
/* End PBXSourcesBuildPhase section */

/* Begin PBXTargetDependency section */
		EE48518D23235B7200D5401E /* PBXTargetDependency */ = {
			isa = PBXTargetDependency;
			target = EE48517623235B7100D5401E /* Set */;
			targetProxy = EE48518C23235B7200D5401E /* PBXContainerItemProxy */;
		};
		EE48519823235B7200D5401E /* PBXTargetDependency */ = {
			isa = PBXTargetDependency;
			target = EE48517623235B7100D5401E /* Set */;
			targetProxy = EE48519723235B7200D5401E /* PBXContainerItemProxy */;
		};
/* End PBXTargetDependency section */

/* Begin PBXVariantGroup section */
		EE48517E23235B7100D5401E /* Main.storyboard */ = {
			isa = PBXVariantGroup;
			children = (
				EE48517F23235B7100D5401E /* Base */,
			);
			name = Main.storyboard;
			sourceTree = "<group>";
		};
		EE48518323235B7100D5401E /* LaunchScreen.storyboard */ = {
			isa = PBXVariantGroup;
			children = (
				EE48518423235B7100D5401E /* Base */,
			);
			name = LaunchScreen.storyboard;
			sourceTree = "<group>";
		};
/* End PBXVariantGroup section */

/* Begin XCBuildConfiguration section */
		EE48519D23235B7200D5401E /* Debug */ = {
			isa = XCBuildConfiguration;
			buildSettings = {
				ALWAYS_SEARCH_USER_PATHS = NO;
				CLANG_ANALYZER_NONNULL = YES;
				CLANG_ANALYZER_NUMBER_OBJECT_CONVERSION = YES_AGGRESSIVE;
				CLANG_CXX_LANGUAGE_STANDARD = "gnu++14";
				CLANG_CXX_LIBRARY = "libc++";
				CLANG_ENABLE_MODULES = YES;
				CLANG_ENABLE_OBJC_ARC = YES;
				CLANG_ENABLE_OBJC_WEAK = YES;
				CLANG_WARN_BLOCK_CAPTURE_AUTORELEASING = YES;
				CLANG_WARN_BOOL_CONVERSION = YES;
				CLANG_WARN_COMMA = YES;
				CLANG_WARN_CONSTANT_CONVERSION = YES;
				CLANG_WARN_DEPRECATED_OBJC_IMPLEMENTATIONS = YES;
				CLANG_WARN_DIRECT_OBJC_ISA_USAGE = YES_ERROR;
				CLANG_WARN_DOCUMENTATION_COMMENTS = YES;
				CLANG_WARN_EMPTY_BODY = YES;
				CLANG_WARN_ENUM_CONVERSION = YES;
				CLANG_WARN_INFINITE_RECURSION = YES;
				CLANG_WARN_INT_CONVERSION = YES;
				CLANG_WARN_NON_LITERAL_NULL_CONVERSION = YES;
				CLANG_WARN_OBJC_IMPLICIT_RETAIN_SELF = YES;
				CLANG_WARN_OBJC_LITERAL_CONVERSION = YES;
				CLANG_WARN_OBJC_ROOT_CLASS = YES_ERROR;
				CLANG_WARN_RANGE_LOOP_ANALYSIS = YES;
				CLANG_WARN_STRICT_PROTOTYPES = YES;
				CLANG_WARN_SUSPICIOUS_MOVE = YES;
				CLANG_WARN_UNGUARDED_AVAILABILITY = YES_AGGRESSIVE;
				CLANG_WARN_UNREACHABLE_CODE = YES;
				CLANG_WARN__DUPLICATE_METHOD_MATCH = YES;
				CODE_SIGN_IDENTITY = "iPhone Developer";
				COPY_PHASE_STRIP = NO;
				DEBUG_INFORMATION_FORMAT = dwarf;
				ENABLE_STRICT_OBJC_MSGSEND = YES;
				ENABLE_TESTABILITY = YES;
				GCC_C_LANGUAGE_STANDARD = gnu11;
				GCC_DYNAMIC_NO_PIC = NO;
				GCC_NO_COMMON_BLOCKS = YES;
				GCC_OPTIMIZATION_LEVEL = 0;
				GCC_PREPROCESSOR_DEFINITIONS = (
					"DEBUG=1",
					"$(inherited)",
				);
				GCC_WARN_64_TO_32_BIT_CONVERSION = YES;
				GCC_WARN_ABOUT_RETURN_TYPE = YES_ERROR;
				GCC_WARN_UNDECLARED_SELECTOR = YES;
				GCC_WARN_UNINITIALIZED_AUTOS = YES_AGGRESSIVE;
				GCC_WARN_UNUSED_FUNCTION = YES;
				GCC_WARN_UNUSED_VARIABLE = YES;
				IPHONEOS_DEPLOYMENT_TARGET = 12.4;
				MTL_ENABLE_DEBUG_INFO = INCLUDE_SOURCE;
				MTL_FAST_MATH = YES;
				ONLY_ACTIVE_ARCH = YES;
				SDKROOT = iphoneos;
				SWIFT_ACTIVE_COMPILATION_CONDITIONS = DEBUG;
				SWIFT_OPTIMIZATION_LEVEL = "-Onone";
			};
			name = Debug;
		};
		EE48519E23235B7200D5401E /* Release */ = {
			isa = XCBuildConfiguration;
			buildSettings = {
				ALWAYS_SEARCH_USER_PATHS = NO;
				CLANG_ANALYZER_NONNULL = YES;
				CLANG_ANALYZER_NUMBER_OBJECT_CONVERSION = YES_AGGRESSIVE;
				CLANG_CXX_LANGUAGE_STANDARD = "gnu++14";
				CLANG_CXX_LIBRARY = "libc++";
				CLANG_ENABLE_MODULES = YES;
				CLANG_ENABLE_OBJC_ARC = YES;
				CLANG_ENABLE_OBJC_WEAK = YES;
				CLANG_WARN_BLOCK_CAPTURE_AUTORELEASING = YES;
				CLANG_WARN_BOOL_CONVERSION = YES;
				CLANG_WARN_COMMA = YES;
				CLANG_WARN_CONSTANT_CONVERSION = YES;
				CLANG_WARN_DEPRECATED_OBJC_IMPLEMENTATIONS = YES;
				CLANG_WARN_DIRECT_OBJC_ISA_USAGE = YES_ERROR;
				CLANG_WARN_DOCUMENTATION_COMMENTS = YES;
				CLANG_WARN_EMPTY_BODY = YES;
				CLANG_WARN_ENUM_CONVERSION = YES;
				CLANG_WARN_INFINITE_RECURSION = YES;
				CLANG_WARN_INT_CONVERSION = YES;
				CLANG_WARN_NON_LITERAL_NULL_CONVERSION = YES;
				CLANG_WARN_OBJC_IMPLICIT_RETAIN_SELF = YES;
				CLANG_WARN_OBJC_LITERAL_CONVERSION = YES;
				CLANG_WARN_OBJC_ROOT_CLASS = YES_ERROR;
				CLANG_WARN_RANGE_LOOP_ANALYSIS = YES;
				CLANG_WARN_STRICT_PROTOTYPES = YES;
				CLANG_WARN_SUSPICIOUS_MOVE = YES;
				CLANG_WARN_UNGUARDED_AVAILABILITY = YES_AGGRESSIVE;
				CLANG_WARN_UNREACHABLE_CODE = YES;
				CLANG_WARN__DUPLICATE_METHOD_MATCH = YES;
				CODE_SIGN_IDENTITY = "iPhone Developer";
				COPY_PHASE_STRIP = NO;
				DEBUG_INFORMATION_FORMAT = "dwarf-with-dsym";
				ENABLE_NS_ASSERTIONS = NO;
				ENABLE_STRICT_OBJC_MSGSEND = YES;
				GCC_C_LANGUAGE_STANDARD = gnu11;
				GCC_NO_COMMON_BLOCKS = YES;
				GCC_WARN_64_TO_32_BIT_CONVERSION = YES;
				GCC_WARN_ABOUT_RETURN_TYPE = YES_ERROR;
				GCC_WARN_UNDECLARED_SELECTOR = YES;
				GCC_WARN_UNINITIALIZED_AUTOS = YES_AGGRESSIVE;
				GCC_WARN_UNUSED_FUNCTION = YES;
				GCC_WARN_UNUSED_VARIABLE = YES;
				IPHONEOS_DEPLOYMENT_TARGET = 12.4;
				MTL_ENABLE_DEBUG_INFO = NO;
				MTL_FAST_MATH = YES;
				SDKROOT = iphoneos;
				SWIFT_COMPILATION_MODE = wholemodule;
				SWIFT_OPTIMIZATION_LEVEL = "-O";
				VALIDATE_PRODUCT = YES;
			};
			name = Release;
		};
		EE4851A023235B7200D5401E /* Debug */ = {
			isa = XCBuildConfiguration;
			buildSettings = {
				ASSETCATALOG_COMPILER_APPICON_NAME = AppIcon;
				CODE_SIGN_STYLE = Automatic;
				DEVELOPMENT_TEAM = P4DW2BJNN4;
				INFOPLIST_FILE = Set/Info.plist;
				LD_RUNPATH_SEARCH_PATHS = (
					"$(inherited)",
					"@executable_path/Frameworks",
				);
				PRODUCT_BUNDLE_IDENTIFIER = Set.Set;
				PRODUCT_NAME = "$(TARGET_NAME)";
				SWIFT_VERSION = 5.0;
				TARGETED_DEVICE_FAMILY = "1,2";
			};
			name = Debug;
		};
		EE4851A123235B7200D5401E /* Release */ = {
			isa = XCBuildConfiguration;
			buildSettings = {
				ASSETCATALOG_COMPILER_APPICON_NAME = AppIcon;
				CODE_SIGN_STYLE = Automatic;
				DEVELOPMENT_TEAM = P4DW2BJNN4;
				INFOPLIST_FILE = Set/Info.plist;
				LD_RUNPATH_SEARCH_PATHS = (
					"$(inherited)",
					"@executable_path/Frameworks",
				);
				PRODUCT_BUNDLE_IDENTIFIER = Set.Set;
				PRODUCT_NAME = "$(TARGET_NAME)";
				SWIFT_VERSION = 5.0;
				TARGETED_DEVICE_FAMILY = "1,2";
			};
			name = Release;
		};
		EE4851A323235B7200D5401E /* Debug */ = {
			isa = XCBuildConfiguration;
			buildSettings = {
				ALWAYS_EMBED_SWIFT_STANDARD_LIBRARIES = YES;
				BUNDLE_LOADER = "$(TEST_HOST)";
				CODE_SIGN_STYLE = Automatic;
				DEVELOPMENT_TEAM = P4DW2BJNN4;
				INFOPLIST_FILE = SetTests/Info.plist;
				LD_RUNPATH_SEARCH_PATHS = (
					"$(inherited)",
					"@executable_path/Frameworks",
					"@loader_path/Frameworks",
				);
				PRODUCT_BUNDLE_IDENTIFIER = Set.SetTests;
				PRODUCT_NAME = "$(TARGET_NAME)";
				SWIFT_VERSION = 5.0;
				TARGETED_DEVICE_FAMILY = "1,2";
				TEST_HOST = "$(BUILT_PRODUCTS_DIR)/Set.app/Set";
			};
			name = Debug;
		};
		EE4851A423235B7200D5401E /* Release */ = {
			isa = XCBuildConfiguration;
			buildSettings = {
				ALWAYS_EMBED_SWIFT_STANDARD_LIBRARIES = YES;
				BUNDLE_LOADER = "$(TEST_HOST)";
				CODE_SIGN_STYLE = Automatic;
				DEVELOPMENT_TEAM = P4DW2BJNN4;
				INFOPLIST_FILE = SetTests/Info.plist;
				LD_RUNPATH_SEARCH_PATHS = (
					"$(inherited)",
					"@executable_path/Frameworks",
					"@loader_path/Frameworks",
				);
				PRODUCT_BUNDLE_IDENTIFIER = Set.SetTests;
				PRODUCT_NAME = "$(TARGET_NAME)";
				SWIFT_VERSION = 5.0;
				TARGETED_DEVICE_FAMILY = "1,2";
				TEST_HOST = "$(BUILT_PRODUCTS_DIR)/Set.app/Set";
			};
			name = Release;
		};
		EE4851A623235B7200D5401E /* Debug */ = {
			isa = XCBuildConfiguration;
			buildSettings = {
				ALWAYS_EMBED_SWIFT_STANDARD_LIBRARIES = YES;
				CODE_SIGN_STYLE = Automatic;
				DEVELOPMENT_TEAM = P4DW2BJNN4;
				INFOPLIST_FILE = SetUITests/Info.plist;
				LD_RUNPATH_SEARCH_PATHS = (
					"$(inherited)",
					"@executable_path/Frameworks",
					"@loader_path/Frameworks",
				);
				PRODUCT_BUNDLE_IDENTIFIER = Set.SetUITests;
				PRODUCT_NAME = "$(TARGET_NAME)";
				SWIFT_VERSION = 5.0;
				TARGETED_DEVICE_FAMILY = "1,2";
				TEST_TARGET_NAME = Set;
			};
			name = Debug;
		};
		EE4851A723235B7200D5401E /* Release */ = {
			isa = XCBuildConfiguration;
			buildSettings = {
				ALWAYS_EMBED_SWIFT_STANDARD_LIBRARIES = YES;
				CODE_SIGN_STYLE = Automatic;
				DEVELOPMENT_TEAM = P4DW2BJNN4;
				INFOPLIST_FILE = SetUITests/Info.plist;
				LD_RUNPATH_SEARCH_PATHS = (
					"$(inherited)",
					"@executable_path/Frameworks",
					"@loader_path/Frameworks",
				);
				PRODUCT_BUNDLE_IDENTIFIER = Set.SetUITests;
				PRODUCT_NAME = "$(TARGET_NAME)";
				SWIFT_VERSION = 5.0;
				TARGETED_DEVICE_FAMILY = "1,2";
				TEST_TARGET_NAME = Set;
			};
			name = Release;
		};
/* End XCBuildConfiguration section */

/* Begin XCConfigurationList section */
		EE48517223235B7100D5401E /* Build configuration list for PBXProject "Set" */ = {
			isa = XCConfigurationList;
			buildConfigurations = (
				EE48519D23235B7200D5401E /* Debug */,
				EE48519E23235B7200D5401E /* Release */,
			);
			defaultConfigurationIsVisible = 0;
			defaultConfigurationName = Release;
		};
		EE48519F23235B7200D5401E /* Build configuration list for PBXNativeTarget "Set" */ = {
			isa = XCConfigurationList;
			buildConfigurations = (
				EE4851A023235B7200D5401E /* Debug */,
				EE4851A123235B7200D5401E /* Release */,
			);
			defaultConfigurationIsVisible = 0;
			defaultConfigurationName = Release;
		};
		EE4851A223235B7200D5401E /* Build configuration list for PBXNativeTarget "SetTests" */ = {
			isa = XCConfigurationList;
			buildConfigurations = (
				EE4851A323235B7200D5401E /* Debug */,
				EE4851A423235B7200D5401E /* Release */,
			);
			defaultConfigurationIsVisible = 0;
			defaultConfigurationName = Release;
		};
		EE4851A523235B7200D5401E /* Build configuration list for PBXNativeTarget "SetUITests" */ = {
			isa = XCConfigurationList;
			buildConfigurations = (
				EE4851A623235B7200D5401E /* Debug */,
				EE4851A723235B7200D5401E /* Release */,
			);
			defaultConfigurationIsVisible = 0;
			defaultConfigurationName = Release;
		};
/* End XCConfigurationList section */
	};
	rootObject = EE48516F23235B7100D5401E /* Project object */;
}
